
Microsoft Visual Studio Solution File, Format Version 12.00
# Visual Studio Version 16
VisualStudioVersion = 16.0.31424.327
MinimumVisualStudioVersion = 10.0.40219.1
Project("{FAE04EC0-301F-11D3-BF4B-00C04F79EFBC}") = "FolderApp", "FolderApp\FolderApp.csproj", "{14BAA81E-D617-42AB-8B40-5273ADD03AF2}"
EndProject
Global
	GlobalSection(SolutionConfigurationPlatforms) = preSolution
		Debug|Any CPU = Debug|Any CPU
		Release|Any CPU = Release|Any CPU
	EndGlobalSection
	GlobalSection(ProjectConfigurationPlatforms) = postSolution
		{14BAA81E-D617-42AB-8B40-5273ADD03AF2}.Debug|Any CPU.ActiveCfg = Debug|Any CPU
		{14BAA81E-D617-42AB-8B40-5273ADD03AF2}.Debug|Any CPU.Build.0 = Debug|Any CPU
		{14BAA81E-D617-42AB-8B40-5273ADD03AF2}.Release|Any CPU.ActiveCfg = Release|Any CPU
		{14BAA81E-D617-42AB-8B40-5273ADD03AF2}.Release|Any CPU.Build.0 = Release|Any CPU
	EndGlobalSection
	GlobalSection(SolutionProperties) = preSolution
		HideSolutionNode = FALSE
	EndGlobalSection
	GlobalSection(ExtensibilityGlobals) = postSolution
		SolutionGuid = {4116AACA-3E48-4AA0-9368-E27BB9F4485B}
	EndGlobalSection
EndGlobal
